
Microsoft Visual Studio Solution File, Format Version 12.00
# Visual Studio Version 16
VisualStudioVersion = 16.0.32002.261
MinimumVisualStudioVersion = 10.0.40219.1
Project("{9A19103F-16F7-4668-BE54-9A1E7A4F7556}") = "CoreLaunching", "CoreLaunching\CoreLaunching\CoreLaunching.csproj", "{2B2C8A82-2D67-4C76-A907-C9D2F2AB2FF5}"
EndProject
Project("{9A19103F-16F7-4668-BE54-9A1E7A4F7556}") = "CoreLaunching.Console", "CoreLaunching\CoreLaunching.Console\CoreLaunching.Console.csproj", "{DECC700B-FE9B-40DF-B33B-E9C84033CD94}"
EndProject
Project("{FAE04EC0-301F-11D3-BF4B-00C04F79EFBC}") = "CoreLaunching.Framework", "CoreLaunching.Framework\CoreLaunching.Framework.csproj", "{5E3DB73A-3312-45A6-842F-0EB514ADEF7D}"
EndProject
Project("{9A19103F-16F7-4668-BE54-9A1E7A4F7556}") = "MSADemo", "MSADemo\MSADemo.csproj", "{97B1B0B9-55D9-4B2A-B63A-96097331D5BA}"
EndProject
Project("{9A19103F-16F7-4668-BE54-9A1E7A4F7556}") = "CLDemo", "CoreLaunching\CLDemo\CLDemo.csproj", "{92883EFF-B84A-4CD5-A56B-A481A050EF20}"
EndProject
Global
	GlobalSection(SolutionConfigurationPlatforms) = preSolution
		Debug|Any CPU = Debug|Any CPU
		Debug|arm64 = Debug|arm64
		Debug|x64 = Debug|x64
		Debug|x86 = Debug|x86
		Release|Any CPU = Release|Any CPU
		Release|arm64 = Release|arm64
		Release|x64 = Release|x64
		Release|x86 = Release|x86
	EndGlobalSection
	GlobalSection(ProjectConfigurationPlatforms) = postSolution
		{2B2C8A82-2D67-4C76-A907-C9D2F2AB2FF5}.Debug|Any CPU.ActiveCfg = Debug|Any CPU
		{2B2C8A82-2D67-4C76-A907-C9D2F2AB2FF5}.Debug|Any CPU.Build.0 = Debug|Any CPU
		{2B2C8A82-2D67-4C76-A907-C9D2F2AB2FF5}.Debug|arm64.ActiveCfg = Debug|Any CPU
		{2B2C8A82-2D67-4C76-A907-C9D2F2AB2FF5}.Debug|arm64.Build.0 = Debug|Any CPU
		{2B2C8A82-2D67-4C76-A907-C9D2F2AB2FF5}.Debug|x64.ActiveCfg = Debug|Any CPU
		{2B2C8A82-2D67-4C76-A907-C9D2F2AB2FF5}.Debug|x64.Build.0 = Debug|Any CPU
		{2B2C8A82-2D67-4C76-A907-C9D2F2AB2FF5}.Debug|x86.ActiveCfg = Debug|Any CPU
		{2B2C8A82-2D67-4C76-A907-C9D2F2AB2FF5}.Debug|x86.Build.0 = Debug|Any CPU
		{2B2C8A82-2D67-4C76-A907-C9D2F2AB2FF5}.Release|Any CPU.ActiveCfg = Release|Any CPU
		{2B2C8A82-2D67-4C76-A907-C9D2F2AB2FF5}.Release|Any CPU.Build.0 = Release|Any CPU
		{2B2C8A82-2D67-4C76-A907-C9D2F2AB2FF5}.Release|arm64.ActiveCfg = Release|Any CPU
		{2B2C8A82-2D67-4C76-A907-C9D2F2AB2FF5}.Release|arm64.Build.0 = Release|Any CPU
		{2B2C8A82-2D67-4C76-A907-C9D2F2AB2FF5}.Release|x64.ActiveCfg = Release|Any CPU
		{2B2C8A82-2D67-4C76-A907-C9D2F2AB2FF5}.Release|x64.Build.0 = Release|Any CPU
		{2B2C8A82-2D67-4C76-A907-C9D2F2AB2FF5}.Release|x86.ActiveCfg = Release|Any CPU
		{2B2C8A82-2D67-4C76-A907-C9D2F2AB2FF5}.Release|x86.Build.0 = Release|Any CPU
		{DECC700B-FE9B-40DF-B33B-E9C84033CD94}.Debug|Any CPU.ActiveCfg = Debug|Any CPU
		{DECC700B-FE9B-40DF-B33B-E9C84033CD94}.Debug|Any CPU.Build.0 = Debug|Any CPU
		{DECC700B-FE9B-40DF-B33B-E9C84033CD94}.Debug|arm64.ActiveCfg = Debug|Any CPU
		{DECC700B-FE9B-40DF-B33B-E9C84033CD94}.Debug|arm64.Build.0 = Debug|Any CPU
		{DECC700B-FE9B-40DF-B33B-E9C84033CD94}.Debug|x64.ActiveCfg = Debug|Any CPU
		{DECC700B-FE9B-40DF-B33B-E9C84033CD94}.Debug|x64.Build.0 = Debug|Any CPU
		{DECC700B-FE9B-40DF-B33B-E9C84033CD94}.Debug|x86.ActiveCfg = Debug|Any CPU
		{DECC700B-FE9B-40DF-B33B-E9C84033CD94}.Debug|x86.Build.0 = Debug|Any CPU
		{DECC700B-FE9B-40DF-B33B-E9C84033CD94}.Release|Any CPU.ActiveCfg = Release|Any CPU
		{DECC700B-FE9B-40DF-B33B-E9C84033CD94}.Release|Any CPU.Build.0 = Release|Any CPU
		{DECC700B-FE9B-40DF-B33B-E9C84033CD94}.Release|arm64.ActiveCfg = Release|Any CPU
		{DECC700B-FE9B-40DF-B33B-E9C84033CD94}.Release|arm64.Build.0 = Release|Any CPU
		{DECC700B-FE9B-40DF-B33B-E9C84033CD94}.Release|x64.ActiveCfg = Release|Any CPU
		{DECC700B-FE9B-40DF-B33B-E9C84033CD94}.Release|x64.Build.0 = Release|Any CPU
		{DECC700B-FE9B-40DF-B33B-E9C84033CD94}.Release|x86.ActiveCfg = Release|Any CPU
		{DECC700B-FE9B-40DF-B33B-E9C84033CD94}.Release|x86.Build.0 = Release|Any CPU
		{5E3DB73A-3312-45A6-842F-0EB514ADEF7D}.Debug|Any CPU.ActiveCfg = Debug|Any CPU
		{5E3DB73A-3312-45A6-842F-0EB514ADEF7D}.Debug|Any CPU.Build.0 = Debug|Any CPU
		{5E3DB73A-3312-45A6-842F-0EB514ADEF7D}.Debug|arm64.ActiveCfg = Debug|Any CPU
		{5E3DB73A-3312-45A6-842F-0EB514ADEF7D}.Debug|arm64.Build.0 = Debug|Any CPU
		{5E3DB73A-3312-45A6-842F-0EB514ADEF7D}.Debug|x64.ActiveCfg = Debug|Any CPU
		{5E3DB73A-3312-45A6-842F-0EB514ADEF7D}.Debug|x64.Build.0 = Debug|Any CPU
		{5E3DB73A-3312-45A6-842F-0EB514ADEF7D}.Debug|x86.ActiveCfg = Debug|Any CPU
		{5E3DB73A-3312-45A6-842F-0EB514ADEF7D}.Debug|x86.Build.0 = Debug|Any CPU
		{5E3DB73A-3312-45A6-842F-0EB514ADEF7D}.Release|Any CPU.ActiveCfg = Release|Any CPU
		{5E3DB73A-3312-45A6-842F-0EB514ADEF7D}.Release|Any CPU.Build.0 = Release|Any CPU
		{5E3DB73A-3312-45A6-842F-0EB514ADEF7D}.Release|arm64.ActiveCfg = Release|Any CPU
		{5E3DB73A-3312-45A6-842F-0EB514ADEF7D}.Release|arm64.Build.0 = Release|Any CPU
		{5E3DB73A-3312-45A6-842F-0EB514ADEF7D}.Release|x64.ActiveCfg = Release|Any CPU
		{5E3DB73A-3312-45A6-842F-0EB514ADEF7D}.Release|x64.Build.0 = Release|Any CPU
		{5E3DB73A-3312-45A6-842F-0EB514ADEF7D}.Release|x86.ActiveCfg = Release|Any CPU
		{5E3DB73A-3312-45A6-842F-0EB514ADEF7D}.Release|x86.Build.0 = Release|Any CPU
		{97B1B0B9-55D9-4B2A-B63A-96097331D5BA}.Debug|Any CPU.ActiveCfg = Debug|Any CPU
		{97B1B0B9-55D9-4B2A-B63A-96097331D5BA}.Debug|Any CPU.Build.0 = Debug|Any CPU
		{97B1B0B9-55D9-4B2A-B63A-96097331D5BA}.Debug|arm64.ActiveCfg = Debug|Any CPU
		{97B1B0B9-55D9-4B2A-B63A-96097331D5BA}.Debug|arm64.Build.0 = Debug|Any CPU
		{97B1B0B9-55D9-4B2A-B63A-96097331D5BA}.Debug|x64.ActiveCfg = Debug|Any CPU
		{97B1B0B9-55D9-4B2A-B63A-96097331D5BA}.Debug|x64.Build.0 = Debug|Any CPU
		{97B1B0B9-55D9-4B2A-B63A-96097331D5BA}.Debug|x86.ActiveCfg = Debug|Any CPU
		{97B1B0B9-55D9-4B2A-B63A-96097331D5BA}.Debug|x86.Build.0 = Debug|Any CPU
		{97B1B0B9-55D9-4B2A-B63A-96097331D5BA}.Release|Any CPU.ActiveCfg = Release|Any CPU
		{97B1B0B9-55D9-4B2A-B63A-96097331D5BA}.Release|Any CPU.Build.0 = Release|Any CPU
		{97B1B0B9-55D9-4B2A-B63A-96097331D5BA}.Release|arm64.ActiveCfg = Release|Any CPU
		{97B1B0B9-55D9-4B2A-B63A-96097331D5BA}.Release|arm64.Build.0 = Release|Any CPU
		{97B1B0B9-55D9-4B2A-B63A-96097331D5BA}.Release|x64.ActiveCfg = Release|Any CPU
		{97B1B0B9-55D9-4B2A-B63A-96097331D5BA}.Release|x64.Build.0 = Release|Any CPU
		{97B1B0B9-55D9-4B2A-B63A-96097331D5BA}.Release|x86.ActiveCfg = Release|Any CPU
		{97B1B0B9-55D9-4B2A-B63A-96097331D5BA}.Release|x86.Build.0 = Release|Any CPU
		{92883EFF-B84A-4CD5-A56B-A481A050EF20}.Debug|Any CPU.ActiveCfg = Debug|Any CPU
		{92883EFF-B84A-4CD5-A56B-A481A050EF20}.Debug|Any CPU.Build.0 = Debug|Any CPU
		{92883EFF-B84A-4CD5-A56B-A481A050EF20}.Debug|arm64.ActiveCfg = Debug|Any CPU
		{92883EFF-B84A-4CD5-A56B-A481A050EF20}.Debug|arm64.Build.0 = Debug|Any CPU
		{92883EFF-B84A-4CD5-A56B-A481A050EF20}.Debug|x64.ActiveCfg = Debug|Any CPU
		{92883EFF-B84A-4CD5-A56B-A481A050EF20}.Debug|x64.Build.0 = Debug|Any CPU
		{92883EFF-B84A-4CD5-A56B-A481A050EF20}.Debug|x86.ActiveCfg = Debug|Any CPU
		{92883EFF-B84A-4CD5-A56B-A481A050EF20}.Debug|x86.Build.0 = Debug|Any CPU
		{92883EFF-B84A-4CD5-A56B-A481A050EF20}.Release|Any CPU.ActiveCfg = Release|Any CPU
		{92883EFF-B84A-4CD5-A56B-A481A050EF20}.Release|Any CPU.Build.0 = Release|Any CPU
		{92883EFF-B84A-4CD5-A56B-A481A050EF20}.Release|arm64.ActiveCfg = Release|Any CPU
		{92883EFF-B84A-4CD5-A56B-A481A050EF20}.Release|arm64.Build.0 = Release|Any CPU
		{92883EFF-B84A-4CD5-A56B-A481A050EF20}.Release|x64.ActiveCfg = Release|Any CPU
		{92883EFF-B84A-4CD5-A56B-A481A050EF20}.Release|x64.Build.0 = Release|Any CPU
		{92883EFF-B84A-4CD5-A56B-A481A050EF20}.Release|x86.ActiveCfg = Release|Any CPU
		{92883EFF-B84A-4CD5-A56B-A481A050EF20}.Release|x86.Build.0 = Release|Any CPU
	EndGlobalSection
	GlobalSection(SolutionProperties) = preSolution
		HideSolutionNode = FALSE
	EndGlobalSection
	GlobalSection(ExtensibilityGlobals) = postSolution
		SolutionGuid = {1245A063-F447-4D99-912F-8226F3F99565}
	EndGlobalSection
EndGlobal
