
Microsoft Visual Studio Solution File, Format Version 12.00
# Visual Studio Version 16
VisualStudioVersion = 16.0.31702.278
MinimumVisualStudioVersion = 10.0.40219.1
Project("{FAE04EC0-301F-11D3-BF4B-00C04F79EFBC}") = "FrameworkLaunching", "CoreLaunching\FrameworkLaunching\FrameworkLaunching.csproj", "{2DD1DD3B-04C5-45E2-A06E-D8E373D055BE}"
EndProject
Project("{FAE04EC0-301F-11D3-BF4B-00C04F79EFBC}") = "FrameworkLaunching.Console", "CoreLaunching\FrameworkLaunching.Console\FrameworkLaunching.Console.csproj", "{DE6DBC36-08DA-4264-93B2-C0D582B42687}"
EndProject
Global
	GlobalSection(SolutionConfigurationPlatforms) = preSolution
		Debug|Any CPU = Debug|Any CPU
		Release|Any CPU = Release|Any CPU
	EndGlobalSection
	GlobalSection(ProjectConfigurationPlatforms) = postSolution
		{2DD1DD3B-04C5-45E2-A06E-D8E373D055BE}.Debug|Any CPU.ActiveCfg = Debug|Any CPU
		{2DD1DD3B-04C5-45E2-A06E-D8E373D055BE}.Debug|Any CPU.Build.0 = Debug|Any CPU
		{2DD1DD3B-04C5-45E2-A06E-D8E373D055BE}.Release|Any CPU.ActiveCfg = Release|Any CPU
		{2DD1DD3B-04C5-45E2-A06E-D8E373D055BE}.Release|Any CPU.Build.0 = Release|Any CPU
		{DE6DBC36-08DA-4264-93B2-C0D582B42687}.Debug|Any CPU.ActiveCfg = Debug|Any CPU
		{DE6DBC36-08DA-4264-93B2-C0D582B42687}.Debug|Any CPU.Build.0 = Debug|Any CPU
		{DE6DBC36-08DA-4264-93B2-C0D582B42687}.Release|Any CPU.ActiveCfg = Release|Any CPU
		{DE6DBC36-08DA-4264-93B2-C0D582B42687}.Release|Any CPU.Build.0 = Release|Any CPU
	EndGlobalSection
	GlobalSection(SolutionProperties) = preSolution
		HideSolutionNode = FALSE
	EndGlobalSection
	GlobalSection(ExtensibilityGlobals) = postSolution
		SolutionGuid = {87346B71-0713-4021-BD7D-EC630D908327}
	EndGlobalSection
EndGlobal
